// !$*UTF8*$!
{
	archiveVersion = 1;
	classes = {
	};
	objectVersion = 55;
	objects = {

/* Begin PBXBuildFile section */
		D7F5CC6E2F0D4BFDEEB89CBB /* Pods_SpaceApp.framework in Frameworks */ = {isa = PBXBuildFile; fileRef = 7E76FD06916D81B616172F76 /* Pods_SpaceApp.framework */; };
		F37AA75128F5CC8400F1ADB9 /* AppDelegate.swift in Sources */ = {isa = PBXBuildFile; fileRef = F37AA75028F5CC8400F1ADB9 /* AppDelegate.swift */; };
		F37AA75328F5CC8400F1ADB9 /* SceneDelegate.swift in Sources */ = {isa = PBXBuildFile; fileRef = F37AA75228F5CC8400F1ADB9 /* SceneDelegate.swift */; };
		F37AA75A28F5CC8700F1ADB9 /* Assets.xcassets in Resources */ = {isa = PBXBuildFile; fileRef = F37AA75928F5CC8700F1ADB9 /* Assets.xcassets */; };
		F37AA75D28F5CC8700F1ADB9 /* LaunchScreen.storyboard in Resources */ = {isa = PBXBuildFile; fileRef = F37AA75B28F5CC8700F1ADB9 /* LaunchScreen.storyboard */; };
		F37AA76528F5CC9B00F1ADB9 /* RocketModel.swift in Sources */ = {isa = PBXBuildFile; fileRef = F37AA76428F5CC9B00F1ADB9 /* RocketModel.swift */; };
		F37AA76728F5CCA500F1ADB9 /* LaunchModel.swift in Sources */ = {isa = PBXBuildFile; fileRef = F37AA76628F5CCA500F1ADB9 /* LaunchModel.swift */; };
		F37AA76928F5CCB800F1ADB9 /* RocketViewController.swift in Sources */ = {isa = PBXBuildFile; fileRef = F37AA76828F5CCB800F1ADB9 /* RocketViewController.swift */; };
		F37AA76B28F5CCC300F1ADB9 /* LaunchViewController.swift in Sources */ = {isa = PBXBuildFile; fileRef = F37AA76A28F5CCC300F1ADB9 /* LaunchViewController.swift */; };
		F37AA76D28F5CCCD00F1ADB9 /* RocketLoader.swift in Sources */ = {isa = PBXBuildFile; fileRef = F37AA76C28F5CCCD00F1ADB9 /* RocketLoader.swift */; };
		F37AA76F28F5CCD600F1ADB9 /* LaunchLoader.swift in Sources */ = {isa = PBXBuildFile; fileRef = F37AA76E28F5CCD600F1ADB9 /* LaunchLoader.swift */; };
		F37AA77128F5CCE300F1ADB9 /* CollectionViewCell.swift in Sources */ = {isa = PBXBuildFile; fileRef = F37AA77028F5CCE300F1ADB9 /* CollectionViewCell.swift */; };
		F37AA77328F5CCF000F1ADB9 /* Constants.swift in Sources */ = {isa = PBXBuildFile; fileRef = F37AA77228F5CCF000F1ADB9 /* Constants.swift */; };
		F37AA77528F5CCF800F1ADB9 /* Main.storyboard in Resources */ = {isa = PBXBuildFile; fileRef = F37AA77428F5CCF800F1ADB9 /* Main.storyboard */; };
/* End PBXBuildFile section */

/* Begin PBXFileReference section */
		7E76FD06916D81B616172F76 /* Pods_SpaceApp.framework */ = {isa = PBXFileReference; explicitFileType = wrapper.framework; includeInIndex = 0; path = Pods_SpaceApp.framework; sourceTree = BUILT_PRODUCTS_DIR; };
		C2219D34D3BE59D88769D09B /* Pods-SpaceApp.debug.xcconfig */ = {isa = PBXFileReference; includeInIndex = 1; lastKnownFileType = text.xcconfig; name = "Pods-SpaceApp.debug.xcconfig"; path = "Target Support Files/Pods-SpaceApp/Pods-SpaceApp.debug.xcconfig"; sourceTree = "<group>"; };
		F37AA74D28F5CC8400F1ADB9 /* SpaceApp.app */ = {isa = PBXFileReference; explicitFileType = wrapper.application; includeInIndex = 0; path = SpaceApp.app; sourceTree = BUILT_PRODUCTS_DIR; };
		F37AA75028F5CC8400F1ADB9 /* AppDelegate.swift */ = {isa = PBXFileReference; lastKnownFileType = sourcecode.swift; path = AppDelegate.swift; sourceTree = "<group>"; };
		F37AA75228F5CC8400F1ADB9 /* SceneDelegate.swift */ = {isa = PBXFileReference; lastKnownFileType = sourcecode.swift; path = SceneDelegate.swift; sourceTree = "<group>"; };
		F37AA75928F5CC8700F1ADB9 /* Assets.xcassets */ = {isa = PBXFileReference; lastKnownFileType = folder.assetcatalog; path = Assets.xcassets; sourceTree = "<group>"; };
		F37AA75C28F5CC8700F1ADB9 /* Base */ = {isa = PBXFileReference; lastKnownFileType = file.storyboard; name = Base; path = Base.lproj/LaunchScreen.storyboard; sourceTree = "<group>"; };
		F37AA75E28F5CC8700F1ADB9 /* Info.plist */ = {isa = PBXFileReference; lastKnownFileType = text.plist.xml; path = Info.plist; sourceTree = "<group>"; };
		F37AA76428F5CC9B00F1ADB9 /* RocketModel.swift */ = {isa = PBXFileReference; fileEncoding = 4; lastKnownFileType = sourcecode.swift; path = RocketModel.swift; sourceTree = "<group>"; };
		F37AA76628F5CCA500F1ADB9 /* LaunchModel.swift */ = {isa = PBXFileReference; fileEncoding = 4; lastKnownFileType = sourcecode.swift; path = LaunchModel.swift; sourceTree = "<group>"; };
		F37AA76828F5CCB800F1ADB9 /* RocketViewController.swift */ = {isa = PBXFileReference; fileEncoding = 4; lastKnownFileType = sourcecode.swift; path = RocketViewController.swift; sourceTree = "<group>"; };
		F37AA76A28F5CCC300F1ADB9 /* LaunchViewController.swift */ = {isa = PBXFileReference; fileEncoding = 4; lastKnownFileType = sourcecode.swift; path = LaunchViewController.swift; sourceTree = "<group>"; };
		F37AA76C28F5CCCD00F1ADB9 /* RocketLoader.swift */ = {isa = PBXFileReference; fileEncoding = 4; lastKnownFileType = sourcecode.swift; path = RocketLoader.swift; sourceTree = "<group>"; };
		F37AA76E28F5CCD600F1ADB9 /* LaunchLoader.swift */ = {isa = PBXFileReference; fileEncoding = 4; lastKnownFileType = sourcecode.swift; path = LaunchLoader.swift; sourceTree = "<group>"; };
		F37AA77028F5CCE300F1ADB9 /* CollectionViewCell.swift */ = {isa = PBXFileReference; fileEncoding = 4; lastKnownFileType = sourcecode.swift; path = CollectionViewCell.swift; sourceTree = "<group>"; };
		F37AA77228F5CCF000F1ADB9 /* Constants.swift */ = {isa = PBXFileReference; fileEncoding = 4; lastKnownFileType = sourcecode.swift; path = Constants.swift; sourceTree = "<group>"; };
		F37AA77428F5CCF800F1ADB9 /* Main.storyboard */ = {isa = PBXFileReference; fileEncoding = 4; lastKnownFileType = file.storyboard; path = Main.storyboard; sourceTree = "<group>"; };
		FB17311C7A2572AA013DBF18 /* Pods-SpaceApp.release.xcconfig */ = {isa = PBXFileReference; includeInIndex = 1; lastKnownFileType = text.xcconfig; name = "Pods-SpaceApp.release.xcconfig"; path = "Target Support Files/Pods-SpaceApp/Pods-SpaceApp.release.xcconfig"; sourceTree = "<group>"; };
/* End PBXFileReference section */

/* Begin PBXFrameworksBuildPhase section */
		F37AA74A28F5CC8400F1ADB9 /* Frameworks */ = {
			isa = PBXFrameworksBuildPhase;
			buildActionMask = 2147483647;
			files = (
				D7F5CC6E2F0D4BFDEEB89CBB /* Pods_SpaceApp.framework in Frameworks */,
			);
			runOnlyForDeploymentPostprocessing = 0;
		};
/* End PBXFrameworksBuildPhase section */

/* Begin PBXGroup section */
		68B7B0EDE10CCAB4AFD656CD /* Pods */ = {
			isa = PBXGroup;
			children = (
				C2219D34D3BE59D88769D09B /* Pods-SpaceApp.debug.xcconfig */,
				FB17311C7A2572AA013DBF18 /* Pods-SpaceApp.release.xcconfig */,
			);
			path = Pods;
			sourceTree = "<group>";
		};
		DFBA1F7FD4DBC0C9F33D2408 /* Frameworks */ = {
			isa = PBXGroup;
			children = (
				7E76FD06916D81B616172F76 /* Pods_SpaceApp.framework */,
			);
			name = Frameworks;
			sourceTree = "<group>";
		};
		F341BDCB28F69A5900D32DEA /* Models */ = {
			isa = PBXGroup;
			children = (
				F37AA76428F5CC9B00F1ADB9 /* RocketModel.swift */,
				F37AA76628F5CCA500F1ADB9 /* LaunchModel.swift */,
			);
			path = Models;
			sourceTree = "<group>";
		};
		F341BDCC28F69A6200D32DEA /* ViewControllers */ = {
			isa = PBXGroup;
			children = (
				F37AA76828F5CCB800F1ADB9 /* RocketViewController.swift */,
				F37AA76A28F5CCC300F1ADB9 /* LaunchViewController.swift */,
			);
			path = ViewControllers;
			sourceTree = "<group>";
		};
		F341BDCD28F69A7300D32DEA /* Presenters */ = {
			isa = PBXGroup;
			children = (
				F37AA76C28F5CCCD00F1ADB9 /* RocketLoader.swift */,
				F37AA76E28F5CCD600F1ADB9 /* LaunchLoader.swift */,
			);
			path = Presenters;
			sourceTree = "<group>";
		};
		F341BDCE28F69A8600D32DEA /* Cells */ = {
			isa = PBXGroup;
			children = (
				F37AA77028F5CCE300F1ADB9 /* CollectionViewCell.swift */,
			);
			path = Cells;
			sourceTree = "<group>";
		};
		F341BDCF28F69A8D00D32DEA /* Helpers */ = {
			isa = PBXGroup;
			children = (
				F37AA77228F5CCF000F1ADB9 /* Constants.swift */,
			);
			path = Helpers;
			sourceTree = "<group>";
		};
		F37AA74428F5CC8400F1ADB9 = {
			isa = PBXGroup;
			children = (
				F37AA74F28F5CC8400F1ADB9 /* SpaceApp */,
				F37AA74E28F5CC8400F1ADB9 /* Products */,
				68B7B0EDE10CCAB4AFD656CD /* Pods */,
				DFBA1F7FD4DBC0C9F33D2408 /* Frameworks */,
			);
			sourceTree = "<group>";
		};
		F37AA74E28F5CC8400F1ADB9 /* Products */ = {
			isa = PBXGroup;
			children = (
				F37AA74D28F5CC8400F1ADB9 /* SpaceApp.app */,
			);
			name = Products;
			sourceTree = "<group>";
		};
		F37AA74F28F5CC8400F1ADB9 /* SpaceApp */ = {
			isa = PBXGroup;
			children = (
				F341BDCB28F69A5900D32DEA /* Models */,
				F341BDCC28F69A6200D32DEA /* ViewControllers */,
				F341BDCD28F69A7300D32DEA /* Presenters */,
				F341BDCF28F69A8D00D32DEA /* Helpers */,
				F341BDCE28F69A8600D32DEA /* Cells */,
				F37AA75028F5CC8400F1ADB9 /* AppDelegate.swift */,
				F37AA75228F5CC8400F1ADB9 /* SceneDelegate.swift */,
				F37AA77428F5CCF800F1ADB9 /* Main.storyboard */,
				F37AA75928F5CC8700F1ADB9 /* Assets.xcassets */,
				F37AA75B28F5CC8700F1ADB9 /* LaunchScreen.storyboard */,
				F37AA75E28F5CC8700F1ADB9 /* Info.plist */,
			);
			path = SpaceApp;
			sourceTree = "<group>";
		};
/* End PBXGroup section */

/* Begin PBXNativeTarget section */
		F37AA74C28F5CC8400F1ADB9 /* SpaceApp */ = {
			isa = PBXNativeTarget;
			buildConfigurationList = F37AA76128F5CC8700F1ADB9 /* Build configuration list for PBXNativeTarget "SpaceApp" */;
			buildPhases = (
				4B48D0FA5CD7AD2F206A8D74 /* [CP] Check Pods Manifest.lock */,
				F37AA74928F5CC8400F1ADB9 /* Sources */,
				F37AA74A28F5CC8400F1ADB9 /* Frameworks */,
				F37AA74B28F5CC8400F1ADB9 /* Resources */,
				2A94111E74E96CD8DA847856 /* [CP] Embed Pods Frameworks */,
			);
			buildRules = (
			);
			dependencies = (
			);
			name = SpaceApp;
			productName = SpaceApp;
			productReference = F37AA74D28F5CC8400F1ADB9 /* SpaceApp.app */;
			productType = "com.apple.product-type.application";
		};
/* End PBXNativeTarget section */

/* Begin PBXProject section */
		F37AA74528F5CC8400F1ADB9 /* Project object */ = {
			isa = PBXProject;
			attributes = {
				BuildIndependentTargetsInParallel = 1;
				LastSwiftUpdateCheck = 1330;
				LastUpgradeCheck = 1330;
				TargetAttributes = {
					F37AA74C28F5CC8400F1ADB9 = {
						CreatedOnToolsVersion = 13.3.1;
					};
				};
			};
			buildConfigurationList = F37AA74828F5CC8400F1ADB9 /* Build configuration list for PBXProject "SpaceApp" */;
			compatibilityVersion = "Xcode 13.0";
			developmentRegion = en;
			hasScannedForEncodings = 0;
			knownRegions = (
				en,
				Base,
			);
			mainGroup = F37AA74428F5CC8400F1ADB9;
			productRefGroup = F37AA74E28F5CC8400F1ADB9 /* Products */;
			projectDirPath = "";
			projectRoot = "";
			targets = (
				F37AA74C28F5CC8400F1ADB9 /* SpaceApp */,
			);
		};
/* End PBXProject section */

/* Begin PBXResourcesBuildPhase section */
		F37AA74B28F5CC8400F1ADB9 /* Resources */ = {
			isa = PBXResourcesBuildPhase;
			buildActionMask = 2147483647;
			files = (
				F37AA75D28F5CC8700F1ADB9 /* LaunchScreen.storyboard in Resources */,
				F37AA75A28F5CC8700F1ADB9 /* Assets.xcassets in Resources */,
				F37AA77528F5CCF800F1ADB9 /* Main.storyboard in Resources */,
			);
			runOnlyForDeploymentPostprocessing = 0;
		};
/* End PBXResourcesBuildPhase section */

/* Begin PBXShellScriptBuildPhase section */
		2A94111E74E96CD8DA847856 /* [CP] Embed Pods Frameworks */ = {
			isa = PBXShellScriptBuildPhase;
			buildActionMask = 2147483647;
			files = (
			);
			inputFileListPaths = (
				"${PODS_ROOT}/Target Support Files/Pods-SpaceApp/Pods-SpaceApp-frameworks-${CONFIGURATION}-input-files.xcfilelist",
			);
			name = "[CP] Embed Pods Frameworks";
			outputFileListPaths = (
				"${PODS_ROOT}/Target Support Files/Pods-SpaceApp/Pods-SpaceApp-frameworks-${CONFIGURATION}-output-files.xcfilelist",
			);
			runOnlyForDeploymentPostprocessing = 0;
			shellPath = /bin/sh;
			shellScript = "\"${PODS_ROOT}/Target Support Files/Pods-SpaceApp/Pods-SpaceApp-frameworks.sh\"\n";
			showEnvVarsInLog = 0;
		};
		4B48D0FA5CD7AD2F206A8D74 /* [CP] Check Pods Manifest.lock */ = {
			isa = PBXShellScriptBuildPhase;
			buildActionMask = 2147483647;
			files = (
			);
			inputFileListPaths = (
			);
			inputPaths = (
				"${PODS_PODFILE_DIR_PATH}/Podfile.lock",
				"${PODS_ROOT}/Manifest.lock",
			);
			name = "[CP] Check Pods Manifest.lock";
			outputFileListPaths = (
			);
			outputPaths = (
				"$(DERIVED_FILE_DIR)/Pods-SpaceApp-checkManifestLockResult.txt",
			);
			runOnlyForDeploymentPostprocessing = 0;
			shellPath = /bin/sh;
			shellScript = "diff \"${PODS_PODFILE_DIR_PATH}/Podfile.lock\" \"${PODS_ROOT}/Manifest.lock\" > /dev/null\nif [ $? != 0 ] ; then\n    # print error to STDERR\n    echo \"error: The sandbox is not in sync with the Podfile.lock. Run 'pod install' or update your CocoaPods installation.\" >&2\n    exit 1\nfi\n# This output is used by Xcode 'outputs' to avoid re-running this script phase.\necho \"SUCCESS\" > \"${SCRIPT_OUTPUT_FILE_0}\"\n";
			showEnvVarsInLog = 0;
		};
/* End PBXShellScriptBuildPhase section */

/* Begin PBXSourcesBuildPhase section */
		F37AA74928F5CC8400F1ADB9 /* Sources */ = {
			isa = PBXSourcesBuildPhase;
			buildActionMask = 2147483647;
			files = (
				F37AA77128F5CCE300F1ADB9 /* CollectionViewCell.swift in Sources */,
				F37AA77328F5CCF000F1ADB9 /* Constants.swift in Sources */,
				F37AA76528F5CC9B00F1ADB9 /* RocketModel.swift in Sources */,
				F37AA76928F5CCB800F1ADB9 /* RocketViewController.swift in Sources */,
				F37AA75128F5CC8400F1ADB9 /* AppDelegate.swift in Sources */,
				F37AA76D28F5CCCD00F1ADB9 /* RocketLoader.swift in Sources */,
				F37AA76F28F5CCD600F1ADB9 /* LaunchLoader.swift in Sources */,
				F37AA75328F5CC8400F1ADB9 /* SceneDelegate.swift in Sources */,
				F37AA76B28F5CCC300F1ADB9 /* LaunchViewController.swift in Sources */,
				F37AA76728F5CCA500F1ADB9 /* LaunchModel.swift in Sources */,
			);
			runOnlyForDeploymentPostprocessing = 0;
		};
/* End PBXSourcesBuildPhase section */

/* Begin PBXVariantGroup section */
		F37AA75B28F5CC8700F1ADB9 /* LaunchScreen.storyboard */ = {
			isa = PBXVariantGroup;
			children = (
				F37AA75C28F5CC8700F1ADB9 /* Base */,
			);
			name = LaunchScreen.storyboard;
			sourceTree = "<group>";
		};
/* End PBXVariantGroup section */

/* Begin XCBuildConfiguration section */
		F37AA75F28F5CC8700F1ADB9 /* Debug */ = {
			isa = XCBuildConfiguration;
			buildSettings = {
				ALWAYS_SEARCH_USER_PATHS = NO;
				CLANG_ANALYZER_NONNULL = YES;
				CLANG_ANALYZER_NUMBER_OBJECT_CONVERSION = YES_AGGRESSIVE;
				CLANG_CXX_LANGUAGE_STANDARD = "gnu++17";
				CLANG_ENABLE_MODULES = YES;
				CLANG_ENABLE_OBJC_ARC = YES;
				CLANG_ENABLE_OBJC_WEAK = YES;
				CLANG_WARN_BLOCK_CAPTURE_AUTORELEASING = YES;
				CLANG_WARN_BOOL_CONVERSION = YES;
				CLANG_WARN_COMMA = YES;
				CLANG_WARN_CONSTANT_CONVERSION = YES;
				CLANG_WARN_DEPRECATED_OBJC_IMPLEMENTATIONS = YES;
				CLANG_WARN_DIRECT_OBJC_ISA_USAGE = YES_ERROR;
				CLANG_WARN_DOCUMENTATION_COMMENTS = YES;
				CLANG_WARN_EMPTY_BODY = YES;
				CLANG_WARN_ENUM_CONVERSION = YES;
				CLANG_WARN_INFINITE_RECURSION = YES;
				CLANG_WARN_INT_CONVERSION = YES;
				CLANG_WARN_NON_LITERAL_NULL_CONVERSION = YES;
				CLANG_WARN_OBJC_IMPLICIT_RETAIN_SELF = YES;
				CLANG_WARN_OBJC_LITERAL_CONVERSION = YES;
				CLANG_WARN_OBJC_ROOT_CLASS = YES_ERROR;
				CLANG_WARN_QUOTED_INCLUDE_IN_FRAMEWORK_HEADER = YES;
				CLANG_WARN_RANGE_LOOP_ANALYSIS = YES;
				CLANG_WARN_STRICT_PROTOTYPES = YES;
				CLANG_WARN_SUSPICIOUS_MOVE = YES;
				CLANG_WARN_UNGUARDED_AVAILABILITY = YES_AGGRESSIVE;
				CLANG_WARN_UNREACHABLE_CODE = YES;
				CLANG_WARN__DUPLICATE_METHOD_MATCH = YES;
				COPY_PHASE_STRIP = NO;
				DEBUG_INFORMATION_FORMAT = dwarf;
				ENABLE_STRICT_OBJC_MSGSEND = YES;
				ENABLE_TESTABILITY = YES;
				GCC_C_LANGUAGE_STANDARD = gnu11;
				GCC_DYNAMIC_NO_PIC = NO;
				GCC_NO_COMMON_BLOCKS = YES;
				GCC_OPTIMIZATION_LEVEL = 0;
				GCC_PREPROCESSOR_DEFINITIONS = (
					"DEBUG=1",
					"$(inherited)",
				);
				GCC_WARN_64_TO_32_BIT_CONVERSION = YES;
				GCC_WARN_ABOUT_RETURN_TYPE = YES_ERROR;
				GCC_WARN_UNDECLARED_SELECTOR = YES;
				GCC_WARN_UNINITIALIZED_AUTOS = YES_AGGRESSIVE;
				GCC_WARN_UNUSED_FUNCTION = YES;
				GCC_WARN_UNUSED_VARIABLE = YES;
				IPHONEOS_DEPLOYMENT_TARGET = 15.4;
				MTL_ENABLE_DEBUG_INFO = INCLUDE_SOURCE;
				MTL_FAST_MATH = YES;
				ONLY_ACTIVE_ARCH = YES;
				SDKROOT = iphoneos;
				SWIFT_ACTIVE_COMPILATION_CONDITIONS = DEBUG;
				SWIFT_OPTIMIZATION_LEVEL = "-Onone";
			};
			name = Debug;
		};
		F37AA76028F5CC8700F1ADB9 /* Release */ = {
			isa = XCBuildConfiguration;
			buildSettings = {
				ALWAYS_SEARCH_USER_PATHS = NO;
				CLANG_ANALYZER_NONNULL = YES;
				CLANG_ANALYZER_NUMBER_OBJECT_CONVERSION = YES_AGGRESSIVE;
				CLANG_CXX_LANGUAGE_STANDARD = "gnu++17";
				CLANG_ENABLE_MODULES = YES;
				CLANG_ENABLE_OBJC_ARC = YES;
				CLANG_ENABLE_OBJC_WEAK = YES;
				CLANG_WARN_BLOCK_CAPTURE_AUTORELEASING = YES;
				CLANG_WARN_BOOL_CONVERSION = YES;
				CLANG_WARN_COMMA = YES;
				CLANG_WARN_CONSTANT_CONVERSION = YES;
				CLANG_WARN_DEPRECATED_OBJC_IMPLEMENTATIONS = YES;
				CLANG_WARN_DIRECT_OBJC_ISA_USAGE = YES_ERROR;
				CLANG_WARN_DOCUMENTATION_COMMENTS = YES;
				CLANG_WARN_EMPTY_BODY = YES;
				CLANG_WARN_ENUM_CONVERSION = YES;
				CLANG_WARN_INFINITE_RECURSION = YES;
				CLANG_WARN_INT_CONVERSION = YES;
				CLANG_WARN_NON_LITERAL_NULL_CONVERSION = YES;
				CLANG_WARN_OBJC_IMPLICIT_RETAIN_SELF = YES;
				CLANG_WARN_OBJC_LITERAL_CONVERSION = YES;
				CLANG_WARN_OBJC_ROOT_CLASS = YES_ERROR;
				CLANG_WARN_QUOTED_INCLUDE_IN_FRAMEWORK_HEADER = YES;
				CLANG_WARN_RANGE_LOOP_ANALYSIS = YES;
				CLANG_WARN_STRICT_PROTOTYPES = YES;
				CLANG_WARN_SUSPICIOUS_MOVE = YES;
				CLANG_WARN_UNGUARDED_AVAILABILITY = YES_AGGRESSIVE;
				CLANG_WARN_UNREACHABLE_CODE = YES;
				CLANG_WARN__DUPLICATE_METHOD_MATCH = YES;
				COPY_PHASE_STRIP = NO;
				DEBUG_INFORMATION_FORMAT = "dwarf-with-dsym";
				ENABLE_NS_ASSERTIONS = NO;
				ENABLE_STRICT_OBJC_MSGSEND = YES;
				GCC_C_LANGUAGE_STANDARD = gnu11;
				GCC_NO_COMMON_BLOCKS = YES;
				GCC_WARN_64_TO_32_BIT_CONVERSION = YES;
				GCC_WARN_ABOUT_RETURN_TYPE = YES_ERROR;
				GCC_WARN_UNDECLARED_SELECTOR = YES;
				GCC_WARN_UNINITIALIZED_AUTOS = YES_AGGRESSIVE;
				GCC_WARN_UNUSED_FUNCTION = YES;
				GCC_WARN_UNUSED_VARIABLE = YES;
				IPHONEOS_DEPLOYMENT_TARGET = 15.4;
				MTL_ENABLE_DEBUG_INFO = NO;
				MTL_FAST_MATH = YES;
				SDKROOT = iphoneos;
				SWIFT_COMPILATION_MODE = wholemodule;
				SWIFT_OPTIMIZATION_LEVEL = "-O";
				VALIDATE_PRODUCT = YES;
			};
			name = Release;
		};
		F37AA76228F5CC8700F1ADB9 /* Debug */ = {
			isa = XCBuildConfiguration;
			baseConfigurationReference = C2219D34D3BE59D88769D09B /* Pods-SpaceApp.debug.xcconfig */;
			buildSettings = {
				ASSETCATALOG_COMPILER_APPICON_NAME = AppIcon;
				ASSETCATALOG_COMPILER_GLOBAL_ACCENT_COLOR_NAME = AccentColor;
				CODE_SIGN_STYLE = Automatic;
				CURRENT_PROJECT_VERSION = 1;
				DEVELOPMENT_TEAM = 7CB7M9962J;
				GENERATE_INFOPLIST_FILE = YES;
				INFOPLIST_FILE = SpaceApp/Info.plist;
				INFOPLIST_KEY_UIApplicationSupportsIndirectInputEvents = YES;
				INFOPLIST_KEY_UILaunchStoryboardName = LaunchScreen;
				INFOPLIST_KEY_UIMainStoryboardFile = Main;
				INFOPLIST_KEY_UISupportedInterfaceOrientations_iPad = "UIInterfaceOrientationPortrait UIInterfaceOrientationPortraitUpsideDown UIInterfaceOrientationLandscapeLeft UIInterfaceOrientationLandscapeRight";
				INFOPLIST_KEY_UISupportedInterfaceOrientations_iPhone = "UIInterfaceOrientationPortrait UIInterfaceOrientationLandscapeLeft UIInterfaceOrientationLandscapeRight";
				LD_RUNPATH_SEARCH_PATHS = (
					"$(inherited)",
					"@executable_path/Frameworks",
				);
				MARKETING_VERSION = 1.0;
				PRODUCT_BUNDLE_IDENTIFIER = "-23.SpaceApp";
				PRODUCT_NAME = "$(TARGET_NAME)";
				SWIFT_EMIT_LOC_STRINGS = YES;
				SWIFT_VERSION = 5.0;
				TARGETED_DEVICE_FAMILY = "1,2";
			};
			name = Debug;
		};
		F37AA76328F5CC8700F1ADB9 /* Release */ = {
			isa = XCBuildConfiguration;
			baseConfigurationReference = FB17311C7A2572AA013DBF18 /* Pods-SpaceApp.release.xcconfig */;
			buildSettings = {
				ASSETCATALOG_COMPILER_APPICON_NAME = AppIcon;
				ASSETCATALOG_COMPILER_GLOBAL_ACCENT_COLOR_NAME = AccentColor;
				CODE_SIGN_STYLE = Automatic;
				CURRENT_PROJECT_VERSION = 1;
				DEVELOPMENT_TEAM = 7CB7M9962J;
				GENERATE_INFOPLIST_FILE = YES;
				INFOPLIST_FILE = SpaceApp/Info.plist;
				INFOPLIST_KEY_UIApplicationSupportsIndirectInputEvents = YES;
				INFOPLIST_KEY_UILaunchStoryboardName = LaunchScreen;
				INFOPLIST_KEY_UIMainStoryboardFile = Main;
				INFOPLIST_KEY_UISupportedInterfaceOrientations_iPad = "UIInterfaceOrientationPortrait UIInterfaceOrientationPortraitUpsideDown UIInterfaceOrientationLandscapeLeft UIInterfaceOrientationLandscapeRight";
				INFOPLIST_KEY_UISupportedInterfaceOrientations_iPhone = "UIInterfaceOrientationPortrait UIInterfaceOrientationLandscapeLeft UIInterfaceOrientationLandscapeRight";
				LD_RUNPATH_SEARCH_PATHS = (
					"$(inherited)",
					"@executable_path/Frameworks",
				);
				MARKETING_VERSION = 1.0;
				PRODUCT_BUNDLE_IDENTIFIER = "-23.SpaceApp";
				PRODUCT_NAME = "$(TARGET_NAME)";
				SWIFT_EMIT_LOC_STRINGS = YES;
				SWIFT_VERSION = 5.0;
				TARGETED_DEVICE_FAMILY = "1,2";
			};
			name = Release;
		};
/* End XCBuildConfiguration section */

/* Begin XCConfigurationList section */
		F37AA74828F5CC8400F1ADB9 /* Build configuration list for PBXProject "SpaceApp" */ = {
			isa = XCConfigurationList;
			buildConfigurations = (
				F37AA75F28F5CC8700F1ADB9 /* Debug */,
				F37AA76028F5CC8700F1ADB9 /* Release */,
			);
			defaultConfigurationIsVisible = 0;
			defaultConfigurationName = Release;
		};
		F37AA76128F5CC8700F1ADB9 /* Build configuration list for PBXNativeTarget "SpaceApp" */ = {
			isa = XCConfigurationList;
			buildConfigurations = (
				F37AA76228F5CC8700F1ADB9 /* Debug */,
				F37AA76328F5CC8700F1ADB9 /* Release */,
			);
			defaultConfigurationIsVisible = 0;
			defaultConfigurationName = Release;
		};
/* End XCConfigurationList section */
	};
	rootObject = F37AA74528F5CC8400F1ADB9 /* Project object */;
}
