// !$*UTF8*$!
{
	archiveVersion = 1;
	classes = {
	};
	objectVersion = 55;
	objects = {

/* Begin PBXBuildFile section */
		D7F5CC6E2F0D4BFDEEB89CBB /* Pods_SpaceApp.framework in Frameworks */ = {isa = PBXBuildFile; fileRef = 7E76FD06916D81B616172F76 /* Pods_SpaceApp.framework */; };
		F30C91AD28F9632200C5D5F6 /* ViewController.swift in Sources */ = {isa = PBXBuildFile; fileRef = F30C91AC28F9632200C5D5F6 /* ViewController.swift */; };
		F30E40DB290AB28B0046189B /* VerticalInfoCell.swift in Sources */ = {isa = PBXBuildFile; fileRef = F30E40D8290AB28B0046189B /* VerticalInfoCell.swift */; };
		F30E40DD290AB28B0046189B /* HorizontalInfoCell.swift in Sources */ = {isa = PBXBuildFile; fileRef = F30E40D7290AB28B0046189B /* HorizontalInfoCell.swift */; };
		F30E40DE290AB28B0046189B /* ImageCell.swift in Sources */ = {isa = PBXBuildFile; fileRef = F30E40D5290AB28B0046189B /* ImageCell.swift */; };
		F30E40DF290AB28B0046189B /* LaunchButtonCell.swift in Sources */ = {isa = PBXBuildFile; fileRef = F30E40D6290AB28B0046189B /* LaunchButtonCell.swift */; };
		F327818B2935FBC700020C94 /* Presenter.swift in Sources */ = {isa = PBXBuildFile; fileRef = F327818A2935FBC700020C94 /* Presenter.swift */; };
		F327818D2935FD1C00020C94 /* LaunchData.swift in Sources */ = {isa = PBXBuildFile; fileRef = F327818C2935FD1C00020C94 /* LaunchData.swift */; };
		F341396129227813004156C5 /* IdExtensions.swift in Sources */ = {isa = PBXBuildFile; fileRef = F341396029227813004156C5 /* IdExtensions.swift */; };
		F349B28A293DF52900B9DE38 /* Presenter.swift in Sources */ = {isa = PBXBuildFile; fileRef = F349B289293DF52900B9DE38 /* Presenter.swift */; };
		F34C5E36291936210091690A /* HeaderCell.swift in Sources */ = {isa = PBXBuildFile; fileRef = F34C5E35291936210091690A /* HeaderCell.swift */; };
		F37AA75128F5CC8400F1ADB9 /* AppDelegate.swift in Sources */ = {isa = PBXBuildFile; fileRef = F37AA75028F5CC8400F1ADB9 /* AppDelegate.swift */; };
		F37AA75A28F5CC8700F1ADB9 /* Assets.xcassets in Resources */ = {isa = PBXBuildFile; fileRef = F37AA75928F5CC8700F1ADB9 /* Assets.xcassets */; };
		F37AA75D28F5CC8700F1ADB9 /* LaunchScreen.storyboard in Resources */ = {isa = PBXBuildFile; fileRef = F37AA75B28F5CC8700F1ADB9 /* LaunchScreen.storyboard */; };
		F37AA76528F5CC9B00F1ADB9 /* JsonModel.swift in Sources */ = {isa = PBXBuildFile; fileRef = F37AA76428F5CC9B00F1ADB9 /* JsonModel.swift */; };
		F37AA76728F5CCA500F1ADB9 /* JsonModel.swift in Sources */ = {isa = PBXBuildFile; fileRef = F37AA76628F5CCA500F1ADB9 /* JsonModel.swift */; };
		F37AA76B28F5CCC300F1ADB9 /* ViewController.swift in Sources */ = {isa = PBXBuildFile; fileRef = F37AA76A28F5CCC300F1ADB9 /* ViewController.swift */; };
		F37AA76D28F5CCCD00F1ADB9 /* Loader.swift in Sources */ = {isa = PBXBuildFile; fileRef = F37AA76C28F5CCCD00F1ADB9 /* Loader.swift */; };
		F37AA76F28F5CCD600F1ADB9 /* Loader.swift in Sources */ = {isa = PBXBuildFile; fileRef = F37AA76E28F5CCD600F1ADB9 /* Loader.swift */; };
		F37AA77128F5CCE300F1ADB9 /* Cell.swift in Sources */ = {isa = PBXBuildFile; fileRef = F37AA77028F5CCE300F1ADB9 /* Cell.swift */; };
		F37AA77328F5CCF000F1ADB9 /* Constants.swift in Sources */ = {isa = PBXBuildFile; fileRef = F37AA77228F5CCF000F1ADB9 /* Constants.swift */; };
		F37AA77528F5CCF800F1ADB9 /* Main.storyboard in Resources */ = {isa = PBXBuildFile; fileRef = F37AA77428F5CCF800F1ADB9 /* Main.storyboard */; };
		F385E7A228FD49180081166F /* TableViewCell.swift in Sources */ = {isa = PBXBuildFile; fileRef = F385E7A128FD49180081166F /* TableViewCell.swift */; };
		F385E7A828FEA3340081166F /* ViewController.swift in Sources */ = {isa = PBXBuildFile; fileRef = F385E7A728FEA3340081166F /* ViewController.swift */; };
		F385E7AA28FEA41C0081166F /* PageViewController.swift in Sources */ = {isa = PBXBuildFile; fileRef = F385E7A928FEA41C0081166F /* PageViewController.swift */; };
		F3AA3B1F291277AE0091CCF7 /* CollectionModel.swift in Sources */ = {isa = PBXBuildFile; fileRef = F3AA3B1E291277AE0091CCF7 /* CollectionModel.swift */; };
		F3CE8FBE2902B02D0089FAEC /* Model.swift in Sources */ = {isa = PBXBuildFile; fileRef = F3CE8FBD2902B02D0089FAEC /* Model.swift */; };
		F3EF4900294480A200FD12AD /* ViewPresenter.swift in Sources */ = {isa = PBXBuildFile; fileRef = F3EF48FF294480A200FD12AD /* ViewPresenter.swift */; };
		F3EF4902294480BA00FD12AD /* CustomPagePresenter.swift in Sources */ = {isa = PBXBuildFile; fileRef = F3EF4901294480BA00FD12AD /* CustomPagePresenter.swift */; };
/* End PBXBuildFile section */

/* Begin PBXFileReference section */
		7E76FD06916D81B616172F76 /* Pods_SpaceApp.framework */ = {isa = PBXFileReference; explicitFileType = wrapper.framework; includeInIndex = 0; path = Pods_SpaceApp.framework; sourceTree = BUILT_PRODUCTS_DIR; };
		C2219D34D3BE59D88769D09B /* Pods-SpaceApp.debug.xcconfig */ = {isa = PBXFileReference; includeInIndex = 1; lastKnownFileType = text.xcconfig; name = "Pods-SpaceApp.debug.xcconfig"; path = "Target Support Files/Pods-SpaceApp/Pods-SpaceApp.debug.xcconfig"; sourceTree = "<group>"; };
		F30C91AC28F9632200C5D5F6 /* ViewController.swift */ = {isa = PBXFileReference; lastKnownFileType = sourcecode.swift; path = ViewController.swift; sourceTree = "<group>"; };
		F30E40D5290AB28B0046189B /* ImageCell.swift */ = {isa = PBXFileReference; lastKnownFileType = sourcecode.swift; path = ImageCell.swift; sourceTree = "<group>"; };
		F30E40D6290AB28B0046189B /* LaunchButtonCell.swift */ = {isa = PBXFileReference; lastKnownFileType = sourcecode.swift; path = LaunchButtonCell.swift; sourceTree = "<group>"; };
		F30E40D7290AB28B0046189B /* HorizontalInfoCell.swift */ = {isa = PBXFileReference; lastKnownFileType = sourcecode.swift; path = HorizontalInfoCell.swift; sourceTree = "<group>"; };
		F30E40D8290AB28B0046189B /* VerticalInfoCell.swift */ = {isa = PBXFileReference; lastKnownFileType = sourcecode.swift; path = VerticalInfoCell.swift; sourceTree = "<group>"; };
		F327818A2935FBC700020C94 /* Presenter.swift */ = {isa = PBXFileReference; lastKnownFileType = sourcecode.swift; path = Presenter.swift; sourceTree = "<group>"; };
		F327818C2935FD1C00020C94 /* LaunchData.swift */ = {isa = PBXFileReference; lastKnownFileType = sourcecode.swift; path = LaunchData.swift; sourceTree = "<group>"; };
		F341396029227813004156C5 /* IdExtensions.swift */ = {isa = PBXFileReference; lastKnownFileType = sourcecode.swift; path = IdExtensions.swift; sourceTree = "<group>"; };
		F349B289293DF52900B9DE38 /* Presenter.swift */ = {isa = PBXFileReference; lastKnownFileType = sourcecode.swift; path = Presenter.swift; sourceTree = "<group>"; };
		F34C5E35291936210091690A /* HeaderCell.swift */ = {isa = PBXFileReference; lastKnownFileType = sourcecode.swift; path = HeaderCell.swift; sourceTree = "<group>"; };
		F37AA74D28F5CC8400F1ADB9 /* SpaceApp.app */ = {isa = PBXFileReference; explicitFileType = wrapper.application; includeInIndex = 0; path = SpaceApp.app; sourceTree = BUILT_PRODUCTS_DIR; };
		F37AA75028F5CC8400F1ADB9 /* AppDelegate.swift */ = {isa = PBXFileReference; lastKnownFileType = sourcecode.swift; path = AppDelegate.swift; sourceTree = "<group>"; };
		F37AA75928F5CC8700F1ADB9 /* Assets.xcassets */ = {isa = PBXFileReference; lastKnownFileType = folder.assetcatalog; path = Assets.xcassets; sourceTree = "<group>"; };
		F37AA75C28F5CC8700F1ADB9 /* Base */ = {isa = PBXFileReference; lastKnownFileType = file.storyboard; name = Base; path = Base.lproj/LaunchScreen.storyboard; sourceTree = "<group>"; };
		F37AA75E28F5CC8700F1ADB9 /* Info.plist */ = {isa = PBXFileReference; lastKnownFileType = text.plist.xml; path = Info.plist; sourceTree = "<group>"; };
		F37AA76428F5CC9B00F1ADB9 /* JsonModel.swift */ = {isa = PBXFileReference; fileEncoding = 4; lastKnownFileType = sourcecode.swift; path = JsonModel.swift; sourceTree = "<group>"; };
		F37AA76628F5CCA500F1ADB9 /* JsonModel.swift */ = {isa = PBXFileReference; fileEncoding = 4; lastKnownFileType = sourcecode.swift; path = JsonModel.swift; sourceTree = "<group>"; };
		F37AA76A28F5CCC300F1ADB9 /* ViewController.swift */ = {isa = PBXFileReference; fileEncoding = 4; lastKnownFileType = sourcecode.swift; path = ViewController.swift; sourceTree = "<group>"; };
		F37AA76C28F5CCCD00F1ADB9 /* Loader.swift */ = {isa = PBXFileReference; fileEncoding = 4; lastKnownFileType = sourcecode.swift; path = Loader.swift; sourceTree = "<group>"; };
		F37AA76E28F5CCD600F1ADB9 /* Loader.swift */ = {isa = PBXFileReference; fileEncoding = 4; lastKnownFileType = sourcecode.swift; path = Loader.swift; sourceTree = "<group>"; };
		F37AA77028F5CCE300F1ADB9 /* Cell.swift */ = {isa = PBXFileReference; fileEncoding = 4; lastKnownFileType = sourcecode.swift; path = Cell.swift; sourceTree = "<group>"; };
		F37AA77228F5CCF000F1ADB9 /* Constants.swift */ = {isa = PBXFileReference; fileEncoding = 4; lastKnownFileType = sourcecode.swift; path = Constants.swift; sourceTree = "<group>"; };
		F37AA77428F5CCF800F1ADB9 /* Main.storyboard */ = {isa = PBXFileReference; fileEncoding = 4; lastKnownFileType = file.storyboard; path = Main.storyboard; sourceTree = "<group>"; };
		F385E7A128FD49180081166F /* TableViewCell.swift */ = {isa = PBXFileReference; lastKnownFileType = sourcecode.swift; path = TableViewCell.swift; sourceTree = "<group>"; };
		F385E7A728FEA3340081166F /* ViewController.swift */ = {isa = PBXFileReference; lastKnownFileType = sourcecode.swift; path = ViewController.swift; sourceTree = "<group>"; };
		F385E7A928FEA41C0081166F /* PageViewController.swift */ = {isa = PBXFileReference; lastKnownFileType = sourcecode.swift; path = PageViewController.swift; sourceTree = "<group>"; };
		F3AA3B1E291277AE0091CCF7 /* CollectionModel.swift */ = {isa = PBXFileReference; lastKnownFileType = sourcecode.swift; path = CollectionModel.swift; sourceTree = "<group>"; };
		F3CE8FBD2902B02D0089FAEC /* Model.swift */ = {isa = PBXFileReference; lastKnownFileType = sourcecode.swift; path = Model.swift; sourceTree = "<group>"; };
		F3EF48FF294480A200FD12AD /* ViewPresenter.swift */ = {isa = PBXFileReference; lastKnownFileType = sourcecode.swift; path = ViewPresenter.swift; sourceTree = "<group>"; };
		F3EF4901294480BA00FD12AD /* CustomPagePresenter.swift */ = {isa = PBXFileReference; lastKnownFileType = sourcecode.swift; path = CustomPagePresenter.swift; sourceTree = "<group>"; };
		FB17311C7A2572AA013DBF18 /* Pods-SpaceApp.release.xcconfig */ = {isa = PBXFileReference; includeInIndex = 1; lastKnownFileType = text.xcconfig; name = "Pods-SpaceApp.release.xcconfig"; path = "Target Support Files/Pods-SpaceApp/Pods-SpaceApp.release.xcconfig"; sourceTree = "<group>"; };
/* End PBXFileReference section */

/* Begin PBXFrameworksBuildPhase section */
		F37AA74A28F5CC8400F1ADB9 /* Frameworks */ = {
			isa = PBXFrameworksBuildPhase;
			buildActionMask = 2147483647;
			files = (
				D7F5CC6E2F0D4BFDEEB89CBB /* Pods_SpaceApp.framework in Frameworks */,
			);
			runOnlyForDeploymentPostprocessing = 0;
		};
/* End PBXFrameworksBuildPhase section */

/* Begin PBXGroup section */
		68B7B0EDE10CCAB4AFD656CD /* Pods */ = {
			isa = PBXGroup;
			children = (
				C2219D34D3BE59D88769D09B /* Pods-SpaceApp.debug.xcconfig */,
				FB17311C7A2572AA013DBF18 /* Pods-SpaceApp.release.xcconfig */,
			);
			path = Pods;
			sourceTree = "<group>";
		};
		DFBA1F7FD4DBC0C9F33D2408 /* Frameworks */ = {
			isa = PBXGroup;
			children = (
				7E76FD06916D81B616172F76 /* Pods_SpaceApp.framework */,
			);
			name = Frameworks;
			sourceTree = "<group>";
		};
		F30E40CD290A9F700046189B /* RocketCells */ = {
			isa = PBXGroup;
			children = (
				F30E40D8290AB28B0046189B /* VerticalInfoCell.swift */,
				F30E40D7290AB28B0046189B /* HorizontalInfoCell.swift */,
				F30E40D5290AB28B0046189B /* ImageCell.swift */,
				F30E40D6290AB28B0046189B /* LaunchButtonCell.swift */,
				F34C5E35291936210091690A /* HeaderCell.swift */,
			);
			path = RocketCells;
			sourceTree = "<group>";
		};
		F34139622923BD3E004156C5 /* LaunchViewController */ = {
			isa = PBXGroup;
			children = (
				F37AA76A28F5CCC300F1ADB9 /* ViewController.swift */,
			);
			path = LaunchViewController;
			sourceTree = "<group>";
		};
		F34139642923BD66004156C5 /* LaunchCell */ = {
			isa = PBXGroup;
			children = (
				F37AA77028F5CCE300F1ADB9 /* Cell.swift */,
			);
			path = LaunchCell;
			sourceTree = "<group>";
		};
		F34139652923BD81004156C5 /* LaunchPresenter */ = {
			isa = PBXGroup;
			children = (
				F327818A2935FBC700020C94 /* Presenter.swift */,
			);
			path = LaunchPresenter;
			sourceTree = "<group>";
		};
		F34139662923BDB8004156C5 /* LaunchModels */ = {
			isa = PBXGroup;
			children = (
				F37AA76628F5CCA500F1ADB9 /* JsonModel.swift */,
				F327818C2935FD1C00020C94 /* LaunchData.swift */,
			);
			path = LaunchModels;
			sourceTree = "<group>";
		};
		F34139672923BDE2004156C5 /* SettingsViewController */ = {
			isa = PBXGroup;
			children = (
				F30C91AC28F9632200C5D5F6 /* ViewController.swift */,
			);
			path = SettingsViewController;
			sourceTree = "<group>";
		};
		F34139682923BDF0004156C5 /* SettingsCell */ = {
			isa = PBXGroup;
			children = (
				F385E7A128FD49180081166F /* TableViewCell.swift */,
			);
			path = SettingsCell;
			sourceTree = "<group>";
		};
		F34139692923BE12004156C5 /* RocketViewControllers */ = {
			isa = PBXGroup;
			children = (
				F385E7A728FEA3340081166F /* ViewController.swift */,
				F385E7A928FEA41C0081166F /* PageViewController.swift */,
			);
			path = RocketViewControllers;
			sourceTree = "<group>";
		};
		F341396A2923BE2D004156C5 /* RocketLoader */ = {
			isa = PBXGroup;
			children = (
				F37AA76C28F5CCCD00F1ADB9 /* Loader.swift */,
			);
			path = RocketLoader;
			sourceTree = "<group>";
		};
		F341396B2923BE7F004156C5 /* SettingsModel */ = {
			isa = PBXGroup;
			children = (
				F3CE8FBD2902B02D0089FAEC /* Model.swift */,
			);
			path = SettingsModel;
			sourceTree = "<group>";
		};
		F341396C2923BE8F004156C5 /* RocketModels */ = {
			isa = PBXGroup;
			children = (
				F37AA76428F5CC9B00F1ADB9 /* JsonModel.swift */,
				F3AA3B1E291277AE0091CCF7 /* CollectionModel.swift */,
			);
			path = RocketModels;
			sourceTree = "<group>";
		};
		F341BDCF28F69A8D00D32DEA /* Helpers */ = {
			isa = PBXGroup;
			children = (
				F341396029227813004156C5 /* IdExtensions.swift */,
				F37AA77228F5CCF000F1ADB9 /* Constants.swift */,
			);
			path = Helpers;
			sourceTree = "<group>";
		};
		F349B288293DF4E700B9DE38 /* SettingsPresenter */ = {
			isa = PBXGroup;
			children = (
				F349B289293DF52900B9DE38 /* Presenter.swift */,
			);
			path = SettingsPresenter;
			sourceTree = "<group>";
		};
		F3759B9B291E378300B52A22 /* Rocket */ = {
			isa = PBXGroup;
			children = (
				F3EF48FE29447FC200FD12AD /* RocketPresenters */,
				F341396C2923BE8F004156C5 /* RocketModels */,
				F34139692923BE12004156C5 /* RocketViewControllers */,
				F30E40CD290A9F700046189B /* RocketCells */,
				F341396A2923BE2D004156C5 /* RocketLoader */,
			);
			path = Rocket;
			sourceTree = "<group>";
		};
		F3759B9C291E37FB00B52A22 /* Launch */ = {
			isa = PBXGroup;
			children = (
				F34139662923BDB8004156C5 /* LaunchModels */,
				F34139622923BD3E004156C5 /* LaunchViewController */,
				F34139652923BD81004156C5 /* LaunchPresenter */,
				F3AB0B2C293DD80800E48B40 /* LaunchLoader */,
				F34139642923BD66004156C5 /* LaunchCell */,
			);
			path = Launch;
			sourceTree = "<group>";
		};
		F37AA74428F5CC8400F1ADB9 = {
			isa = PBXGroup;
			children = (
				F37AA74F28F5CC8400F1ADB9 /* SpaceApp */,
				F37AA74E28F5CC8400F1ADB9 /* Products */,
				68B7B0EDE10CCAB4AFD656CD /* Pods */,
				DFBA1F7FD4DBC0C9F33D2408 /* Frameworks */,
			);
			sourceTree = "<group>";
		};
		F37AA74E28F5CC8400F1ADB9 /* Products */ = {
			isa = PBXGroup;
			children = (
				F37AA74D28F5CC8400F1ADB9 /* SpaceApp.app */,
			);
			name = Products;
			sourceTree = "<group>";
		};
		F37AA74F28F5CC8400F1ADB9 /* SpaceApp */ = {
			isa = PBXGroup;
			children = (
				F3759B9B291E378300B52A22 /* Rocket */,
				F3759B9C291E37FB00B52A22 /* Launch */,
				F3A46166291E3902007C1CDB /* Settings */,
				F341BDCF28F69A8D00D32DEA /* Helpers */,
				F37AA75028F5CC8400F1ADB9 /* AppDelegate.swift */,
				F37AA77428F5CCF800F1ADB9 /* Main.storyboard */,
				F37AA75928F5CC8700F1ADB9 /* Assets.xcassets */,
				F37AA75B28F5CC8700F1ADB9 /* LaunchScreen.storyboard */,
				F37AA75E28F5CC8700F1ADB9 /* Info.plist */,
			);
			path = SpaceApp;
			sourceTree = "<group>";
		};
		F3A46166291E3902007C1CDB /* Settings */ = {
			isa = PBXGroup;
			children = (
				F341396B2923BE7F004156C5 /* SettingsModel */,
				F34139672923BDE2004156C5 /* SettingsViewController */,
				F349B288293DF4E700B9DE38 /* SettingsPresenter */,
				F34139682923BDF0004156C5 /* SettingsCell */,
			);
			path = Settings;
			sourceTree = "<group>";
		};
		F3AB0B2C293DD80800E48B40 /* LaunchLoader */ = {
			isa = PBXGroup;
			children = (
				F37AA76E28F5CCD600F1ADB9 /* Loader.swift */,
			);
			path = LaunchLoader;
			sourceTree = "<group>";
		};
		F3EF48FE29447FC200FD12AD /* RocketPresenters */ = {
			isa = PBXGroup;
			children = (
				F3EF48FF294480A200FD12AD /* ViewPresenter.swift */,
				F3EF4901294480BA00FD12AD /* CustomPagePresenter.swift */,
			);
			path = RocketPresenters;
			sourceTree = "<group>";
		};
/* End PBXGroup section */

/* Begin PBXHeadersBuildPhase section */
		F330D5FE28FECCE200135854 /* Headers */ = {
			isa = PBXHeadersBuildPhase;
			buildActionMask = 2147483647;
			files = (
			);
			runOnlyForDeploymentPostprocessing = 0;
		};
/* End PBXHeadersBuildPhase section */

/* Begin PBXNativeTarget section */
		F37AA74C28F5CC8400F1ADB9 /* SpaceApp */ = {
			isa = PBXNativeTarget;
			buildConfigurationList = F37AA76128F5CC8700F1ADB9 /* Build configuration list for PBXNativeTarget "SpaceApp" */;
			buildPhases = (
				4B48D0FA5CD7AD2F206A8D74 /* [CP] Check Pods Manifest.lock */,
				F330D5FF28FECD0D00135854 /* ShellScript */,
				F330D5FE28FECCE200135854 /* Headers */,
				F37AA74928F5CC8400F1ADB9 /* Sources */,
				F37AA74A28F5CC8400F1ADB9 /* Frameworks */,
				F37AA74B28F5CC8400F1ADB9 /* Resources */,
				2A94111E74E96CD8DA847856 /* [CP] Embed Pods Frameworks */,
			);
			buildRules = (
			);
			dependencies = (
			);
			name = SpaceApp;
			productName = SpaceApp;
			productReference = F37AA74D28F5CC8400F1ADB9 /* SpaceApp.app */;
			productType = "com.apple.product-type.application";
		};
/* End PBXNativeTarget section */

/* Begin PBXProject section */
		F37AA74528F5CC8400F1ADB9 /* Project object */ = {
			isa = PBXProject;
			attributes = {
				BuildIndependentTargetsInParallel = 1;
				LastSwiftUpdateCheck = 1330;
				LastUpgradeCheck = 1330;
				TargetAttributes = {
					F37AA74C28F5CC8400F1ADB9 = {
						CreatedOnToolsVersion = 13.3.1;
					};
				};
			};
			buildConfigurationList = F37AA74828F5CC8400F1ADB9 /* Build configuration list for PBXProject "SpaceApp" */;
			compatibilityVersion = "Xcode 13.0";
			developmentRegion = en;
			hasScannedForEncodings = 0;
			knownRegions = (
				en,
				Base,
			);
			mainGroup = F37AA74428F5CC8400F1ADB9;
			productRefGroup = F37AA74E28F5CC8400F1ADB9 /* Products */;
			projectDirPath = "";
			projectRoot = "";
			targets = (
				F37AA74C28F5CC8400F1ADB9 /* SpaceApp */,
			);
		};
/* End PBXProject section */

/* Begin PBXResourcesBuildPhase section */
		F37AA74B28F5CC8400F1ADB9 /* Resources */ = {
			isa = PBXResourcesBuildPhase;
			buildActionMask = 2147483647;
			files = (
				F37AA75D28F5CC8700F1ADB9 /* LaunchScreen.storyboard in Resources */,
				F37AA75A28F5CC8700F1ADB9 /* Assets.xcassets in Resources */,
				F37AA77528F5CCF800F1ADB9 /* Main.storyboard in Resources */,
			);
			runOnlyForDeploymentPostprocessing = 0;
		};
/* End PBXResourcesBuildPhase section */

/* Begin PBXShellScriptBuildPhase section */
		2A94111E74E96CD8DA847856 /* [CP] Embed Pods Frameworks */ = {
			isa = PBXShellScriptBuildPhase;
			buildActionMask = 2147483647;
			files = (
			);
			inputFileListPaths = (
				"${PODS_ROOT}/Target Support Files/Pods-SpaceApp/Pods-SpaceApp-frameworks-${CONFIGURATION}-input-files.xcfilelist",
			);
			name = "[CP] Embed Pods Frameworks";
			outputFileListPaths = (
				"${PODS_ROOT}/Target Support Files/Pods-SpaceApp/Pods-SpaceApp-frameworks-${CONFIGURATION}-output-files.xcfilelist",
			);
			runOnlyForDeploymentPostprocessing = 0;
			shellPath = /bin/sh;
			shellScript = "\"${PODS_ROOT}/Target Support Files/Pods-SpaceApp/Pods-SpaceApp-frameworks.sh\"\n";
			showEnvVarsInLog = 0;
		};
		4B48D0FA5CD7AD2F206A8D74 /* [CP] Check Pods Manifest.lock */ = {
			isa = PBXShellScriptBuildPhase;
			buildActionMask = 2147483647;
			files = (
			);
			inputFileListPaths = (
			);
			inputPaths = (
				"${PODS_PODFILE_DIR_PATH}/Podfile.lock",
				"${PODS_ROOT}/Manifest.lock",
			);
			name = "[CP] Check Pods Manifest.lock";
			outputFileListPaths = (
			);
			outputPaths = (
				"$(DERIVED_FILE_DIR)/Pods-SpaceApp-checkManifestLockResult.txt",
			);
			runOnlyForDeploymentPostprocessing = 0;
			shellPath = /bin/sh;
			shellScript = "diff \"${PODS_PODFILE_DIR_PATH}/Podfile.lock\" \"${PODS_ROOT}/Manifest.lock\" > /dev/null\nif [ $? != 0 ] ; then\n    # print error to STDERR\n    echo \"error: The sandbox is not in sync with the Podfile.lock. Run 'pod install' or update your CocoaPods installation.\" >&2\n    exit 1\nfi\n# This output is used by Xcode 'outputs' to avoid re-running this script phase.\necho \"SUCCESS\" > \"${SCRIPT_OUTPUT_FILE_0}\"\n";
			showEnvVarsInLog = 0;
		};
		F330D5FF28FECD0D00135854 /* ShellScript */ = {
			isa = PBXShellScriptBuildPhase;
			buildActionMask = 2147483647;
			files = (
			);
			inputFileListPaths = (
			);
			inputPaths = (
			);
			outputFileListPaths = (
			);
			outputPaths = (
			);
			runOnlyForDeploymentPostprocessing = 0;
			shellPath = /bin/sh;
			shellScript = "${PODS_ROOT}/SwiftLint/swiftlint\n";
		};
/* End PBXShellScriptBuildPhase section */

/* Begin PBXSourcesBuildPhase section */
		F37AA74928F5CC8400F1ADB9 /* Sources */ = {
			isa = PBXSourcesBuildPhase;
			buildActionMask = 2147483647;
			files = (
				F37AA77128F5CCE300F1ADB9 /* Cell.swift in Sources */,
				F37AA77328F5CCF000F1ADB9 /* Constants.swift in Sources */,
				F37AA76528F5CC9B00F1ADB9 /* JsonModel.swift in Sources */,
				F30C91AD28F9632200C5D5F6 /* ViewController.swift in Sources */,
				F30E40DE290AB28B0046189B /* ImageCell.swift in Sources */,
				F3CE8FBE2902B02D0089FAEC /* Model.swift in Sources */,
				F30E40DF290AB28B0046189B /* LaunchButtonCell.swift in Sources */,
				F3AA3B1F291277AE0091CCF7 /* CollectionModel.swift in Sources */,
				F385E7A228FD49180081166F /* TableViewCell.swift in Sources */,
				F37AA75128F5CC8400F1ADB9 /* AppDelegate.swift in Sources */,
				F327818D2935FD1C00020C94 /* LaunchData.swift in Sources */,
				F349B28A293DF52900B9DE38 /* Presenter.swift in Sources */,
				F385E7AA28FEA41C0081166F /* PageViewController.swift in Sources */,
				F30E40DB290AB28B0046189B /* VerticalInfoCell.swift in Sources */,
				F385E7A828FEA3340081166F /* ViewController.swift in Sources */,
				F327818B2935FBC700020C94 /* Presenter.swift in Sources */,
				F37AA76D28F5CCCD00F1ADB9 /* Loader.swift in Sources */,
				F37AA76F28F5CCD600F1ADB9 /* Loader.swift in Sources */,
				F30E40DD290AB28B0046189B /* HorizontalInfoCell.swift in Sources */,
				F3EF4900294480A200FD12AD /* ViewPresenter.swift in Sources */,
				F3EF4902294480BA00FD12AD /* CustomPagePresenter.swift in Sources */,
				F37AA76B28F5CCC300F1ADB9 /* ViewController.swift in Sources */,
				F34C5E36291936210091690A /* HeaderCell.swift in Sources */,
				F341396129227813004156C5 /* IdExtensions.swift in Sources */,
				F37AA76728F5CCA500F1ADB9 /* JsonModel.swift in Sources */,
			);
			runOnlyForDeploymentPostprocessing = 0;
		};
/* End PBXSourcesBuildPhase section */

/* Begin PBXVariantGroup section */
		F37AA75B28F5CC8700F1ADB9 /* LaunchScreen.storyboard */ = {
			isa = PBXVariantGroup;
			children = (
				F37AA75C28F5CC8700F1ADB9 /* Base */,
			);
			name = LaunchScreen.storyboard;
			sourceTree = "<group>";
		};
/* End PBXVariantGroup section */

/* Begin XCBuildConfiguration section */
		F37AA75F28F5CC8700F1ADB9 /* Debug */ = {
			isa = XCBuildConfiguration;
			buildSettings = {
				ALWAYS_SEARCH_USER_PATHS = NO;
				CLANG_ANALYZER_NONNULL = YES;
				CLANG_ANALYZER_NUMBER_OBJECT_CONVERSION = YES_AGGRESSIVE;
				CLANG_CXX_LANGUAGE_STANDARD = "gnu++17";
				CLANG_ENABLE_MODULES = YES;
				CLANG_ENABLE_OBJC_ARC = YES;
				CLANG_ENABLE_OBJC_WEAK = YES;
				CLANG_WARN_BLOCK_CAPTURE_AUTORELEASING = YES;
				CLANG_WARN_BOOL_CONVERSION = YES;
				CLANG_WARN_COMMA = YES;
				CLANG_WARN_CONSTANT_CONVERSION = YES;
				CLANG_WARN_DEPRECATED_OBJC_IMPLEMENTATIONS = YES;
				CLANG_WARN_DIRECT_OBJC_ISA_USAGE = YES_ERROR;
				CLANG_WARN_DOCUMENTATION_COMMENTS = YES;
				CLANG_WARN_EMPTY_BODY = YES;
				CLANG_WARN_ENUM_CONVERSION = YES;
				CLANG_WARN_INFINITE_RECURSION = YES;
				CLANG_WARN_INT_CONVERSION = YES;
				CLANG_WARN_NON_LITERAL_NULL_CONVERSION = YES;
				CLANG_WARN_OBJC_IMPLICIT_RETAIN_SELF = YES;
				CLANG_WARN_OBJC_LITERAL_CONVERSION = YES;
				CLANG_WARN_OBJC_ROOT_CLASS = YES_ERROR;
				CLANG_WARN_QUOTED_INCLUDE_IN_FRAMEWORK_HEADER = YES;
				CLANG_WARN_RANGE_LOOP_ANALYSIS = YES;
				CLANG_WARN_STRICT_PROTOTYPES = YES;
				CLANG_WARN_SUSPICIOUS_MOVE = YES;
				CLANG_WARN_UNGUARDED_AVAILABILITY = YES_AGGRESSIVE;
				CLANG_WARN_UNREACHABLE_CODE = YES;
				CLANG_WARN__DUPLICATE_METHOD_MATCH = YES;
				COPY_PHASE_STRIP = NO;
				DEBUG_INFORMATION_FORMAT = dwarf;
				ENABLE_STRICT_OBJC_MSGSEND = YES;
				ENABLE_TESTABILITY = YES;
				GCC_C_LANGUAGE_STANDARD = gnu11;
				GCC_DYNAMIC_NO_PIC = NO;
				GCC_NO_COMMON_BLOCKS = YES;
				GCC_OPTIMIZATION_LEVEL = 0;
				GCC_PREPROCESSOR_DEFINITIONS = (
					"DEBUG=1",
					"$(inherited)",
				);
				GCC_WARN_64_TO_32_BIT_CONVERSION = YES;
				GCC_WARN_ABOUT_RETURN_TYPE = YES_ERROR;
				GCC_WARN_UNDECLARED_SELECTOR = YES;
				GCC_WARN_UNINITIALIZED_AUTOS = YES_AGGRESSIVE;
				GCC_WARN_UNUSED_FUNCTION = YES;
				GCC_WARN_UNUSED_VARIABLE = YES;
				IPHONEOS_DEPLOYMENT_TARGET = 15.4;
				MTL_ENABLE_DEBUG_INFO = INCLUDE_SOURCE;
				MTL_FAST_MATH = YES;
				ONLY_ACTIVE_ARCH = YES;
				SDKROOT = iphoneos;
				SWIFT_ACTIVE_COMPILATION_CONDITIONS = DEBUG;
				SWIFT_OPTIMIZATION_LEVEL = "-Onone";
			};
			name = Debug;
		};
		F37AA76028F5CC8700F1ADB9 /* Release */ = {
			isa = XCBuildConfiguration;
			buildSettings = {
				ALWAYS_SEARCH_USER_PATHS = NO;
				CLANG_ANALYZER_NONNULL = YES;
				CLANG_ANALYZER_NUMBER_OBJECT_CONVERSION = YES_AGGRESSIVE;
				CLANG_CXX_LANGUAGE_STANDARD = "gnu++17";
				CLANG_ENABLE_MODULES = YES;
				CLANG_ENABLE_OBJC_ARC = YES;
				CLANG_ENABLE_OBJC_WEAK = YES;
				CLANG_WARN_BLOCK_CAPTURE_AUTORELEASING = YES;
				CLANG_WARN_BOOL_CONVERSION = YES;
				CLANG_WARN_COMMA = YES;
				CLANG_WARN_CONSTANT_CONVERSION = YES;
				CLANG_WARN_DEPRECATED_OBJC_IMPLEMENTATIONS = YES;
				CLANG_WARN_DIRECT_OBJC_ISA_USAGE = YES_ERROR;
				CLANG_WARN_DOCUMENTATION_COMMENTS = YES;
				CLANG_WARN_EMPTY_BODY = YES;
				CLANG_WARN_ENUM_CONVERSION = YES;
				CLANG_WARN_INFINITE_RECURSION = YES;
				CLANG_WARN_INT_CONVERSION = YES;
				CLANG_WARN_NON_LITERAL_NULL_CONVERSION = YES;
				CLANG_WARN_OBJC_IMPLICIT_RETAIN_SELF = YES;
				CLANG_WARN_OBJC_LITERAL_CONVERSION = YES;
				CLANG_WARN_OBJC_ROOT_CLASS = YES_ERROR;
				CLANG_WARN_QUOTED_INCLUDE_IN_FRAMEWORK_HEADER = YES;
				CLANG_WARN_RANGE_LOOP_ANALYSIS = YES;
				CLANG_WARN_STRICT_PROTOTYPES = YES;
				CLANG_WARN_SUSPICIOUS_MOVE = YES;
				CLANG_WARN_UNGUARDED_AVAILABILITY = YES_AGGRESSIVE;
				CLANG_WARN_UNREACHABLE_CODE = YES;
				CLANG_WARN__DUPLICATE_METHOD_MATCH = YES;
				COPY_PHASE_STRIP = NO;
				DEBUG_INFORMATION_FORMAT = "dwarf-with-dsym";
				ENABLE_NS_ASSERTIONS = NO;
				ENABLE_STRICT_OBJC_MSGSEND = YES;
				GCC_C_LANGUAGE_STANDARD = gnu11;
				GCC_NO_COMMON_BLOCKS = YES;
				GCC_WARN_64_TO_32_BIT_CONVERSION = YES;
				GCC_WARN_ABOUT_RETURN_TYPE = YES_ERROR;
				GCC_WARN_UNDECLARED_SELECTOR = YES;
				GCC_WARN_UNINITIALIZED_AUTOS = YES_AGGRESSIVE;
				GCC_WARN_UNUSED_FUNCTION = YES;
				GCC_WARN_UNUSED_VARIABLE = YES;
				IPHONEOS_DEPLOYMENT_TARGET = 15.4;
				MTL_ENABLE_DEBUG_INFO = NO;
				MTL_FAST_MATH = YES;
				SDKROOT = iphoneos;
				SWIFT_COMPILATION_MODE = wholemodule;
				SWIFT_OPTIMIZATION_LEVEL = "-O";
				VALIDATE_PRODUCT = YES;
			};
			name = Release;
		};
		F37AA76228F5CC8700F1ADB9 /* Debug */ = {
			isa = XCBuildConfiguration;
			baseConfigurationReference = C2219D34D3BE59D88769D09B /* Pods-SpaceApp.debug.xcconfig */;
			buildSettings = {
				ASSETCATALOG_COMPILER_APPICON_NAME = AppIcon;
				ASSETCATALOG_COMPILER_GLOBAL_ACCENT_COLOR_NAME = AccentColor;
				CODE_SIGN_STYLE = Automatic;
				CURRENT_PROJECT_VERSION = 1;
				DEVELOPMENT_TEAM = 7CB7M9962J;
				GENERATE_INFOPLIST_FILE = YES;
				INFOPLIST_FILE = SpaceApp/Info.plist;
				INFOPLIST_KEY_UIApplicationSupportsIndirectInputEvents = YES;
				INFOPLIST_KEY_UILaunchStoryboardName = LaunchScreen;
				INFOPLIST_KEY_UISupportedInterfaceOrientations_iPad = "UIInterfaceOrientationPortrait UIInterfaceOrientationPortraitUpsideDown UIInterfaceOrientationLandscapeLeft UIInterfaceOrientationLandscapeRight";
				INFOPLIST_KEY_UISupportedInterfaceOrientations_iPhone = "UIInterfaceOrientationPortrait UIInterfaceOrientationLandscapeLeft UIInterfaceOrientationLandscapeRight";
				LD_RUNPATH_SEARCH_PATHS = (
					"$(inherited)",
					"@executable_path/Frameworks",
				);
				MARKETING_VERSION = 1.0;
				PRODUCT_BUNDLE_IDENTIFIER = "-23.SpaceApp";
				PRODUCT_NAME = "$(TARGET_NAME)";
				SWIFT_EMIT_LOC_STRINGS = YES;
				SWIFT_VERSION = 5.0;
				TARGETED_DEVICE_FAMILY = "1,2";
			};
			name = Debug;
		};
		F37AA76328F5CC8700F1ADB9 /* Release */ = {
			isa = XCBuildConfiguration;
			baseConfigurationReference = FB17311C7A2572AA013DBF18 /* Pods-SpaceApp.release.xcconfig */;
			buildSettings = {
				ASSETCATALOG_COMPILER_APPICON_NAME = AppIcon;
				ASSETCATALOG_COMPILER_GLOBAL_ACCENT_COLOR_NAME = AccentColor;
				CODE_SIGN_STYLE = Automatic;
				CURRENT_PROJECT_VERSION = 1;
				DEVELOPMENT_TEAM = 7CB7M9962J;
				GENERATE_INFOPLIST_FILE = YES;
				INFOPLIST_FILE = SpaceApp/Info.plist;
				INFOPLIST_KEY_UIApplicationSupportsIndirectInputEvents = YES;
				INFOPLIST_KEY_UILaunchStoryboardName = LaunchScreen;
				INFOPLIST_KEY_UISupportedInterfaceOrientations_iPad = "UIInterfaceOrientationPortrait UIInterfaceOrientationPortraitUpsideDown UIInterfaceOrientationLandscapeLeft UIInterfaceOrientationLandscapeRight";
				INFOPLIST_KEY_UISupportedInterfaceOrientations_iPhone = "UIInterfaceOrientationPortrait UIInterfaceOrientationLandscapeLeft UIInterfaceOrientationLandscapeRight";
				LD_RUNPATH_SEARCH_PATHS = (
					"$(inherited)",
					"@executable_path/Frameworks",
				);
				MARKETING_VERSION = 1.0;
				PRODUCT_BUNDLE_IDENTIFIER = "-23.SpaceApp";
				PRODUCT_NAME = "$(TARGET_NAME)";
				SWIFT_EMIT_LOC_STRINGS = YES;
				SWIFT_VERSION = 5.0;
				TARGETED_DEVICE_FAMILY = "1,2";
			};
			name = Release;
		};
/* End XCBuildConfiguration section */

/* Begin XCConfigurationList section */
		F37AA74828F5CC8400F1ADB9 /* Build configuration list for PBXProject "SpaceApp" */ = {
			isa = XCConfigurationList;
			buildConfigurations = (
				F37AA75F28F5CC8700F1ADB9 /* Debug */,
				F37AA76028F5CC8700F1ADB9 /* Release */,
			);
			defaultConfigurationIsVisible = 0;
			defaultConfigurationName = Release;
		};
		F37AA76128F5CC8700F1ADB9 /* Build configuration list for PBXNativeTarget "SpaceApp" */ = {
			isa = XCConfigurationList;
			buildConfigurations = (
				F37AA76228F5CC8700F1ADB9 /* Debug */,
				F37AA76328F5CC8700F1ADB9 /* Release */,
			);
			defaultConfigurationIsVisible = 0;
			defaultConfigurationName = Release;
		};
/* End XCConfigurationList section */
	};
	rootObject = F37AA74528F5CC8400F1ADB9 /* Project object */;
}
